
Microsoft Visual Studio Solution File, Format Version 12.00
# Visual Studio Version 17
VisualStudioVersion = 17.12.35707.178
MinimumVisualStudioVersion = 10.0.40219.1
Project("{FAE04EC0-301F-11D3-BF4B-00C04F79EFBC}") = "Event&Delegate", "Event&Delegate.csproj", "{16751CB7-A867-4B6D-B833-F9A1D01D8EDE}"
EndProject
Project("{FAE04EC0-301F-11D3-BF4B-00C04F79EFBC}") = "Processer&Tråde", "..\Processer&Tråde\Processer&Tråde.csproj", "{30D0595E-9068-4AD0-A0C3-5D773827DD99}"
EndProject
Project("{FAE04EC0-301F-11D3-BF4B-00C04F79EFBC}") = "Processer&Tråde2", "..\Processer&Tråde2\Processer&Tråde2.csproj", "{5C3CFAF9-4E04-4547-A2AA-E5B2AF9A9CD1}"
EndProject
Global
	GlobalSection(SolutionConfigurationPlatforms) = preSolution
		Debug|Any CPU = Debug|Any CPU
		Release|Any CPU = Release|Any CPU
	EndGlobalSection
	GlobalSection(ProjectConfigurationPlatforms) = postSolution
		{16751CB7-A867-4B6D-B833-F9A1D01D8EDE}.Debug|Any CPU.ActiveCfg = Debug|Any CPU
		{16751CB7-A867-4B6D-B833-F9A1D01D8EDE}.Debug|Any CPU.Build.0 = Debug|Any CPU
		{16751CB7-A867-4B6D-B833-F9A1D01D8EDE}.Release|Any CPU.ActiveCfg = Release|Any CPU
		{16751CB7-A867-4B6D-B833-F9A1D01D8EDE}.Release|Any CPU.Build.0 = Release|Any CPU
		{30D0595E-9068-4AD0-A0C3-5D773827DD99}.Debug|Any CPU.ActiveCfg = Debug|Any CPU
		{30D0595E-9068-4AD0-A0C3-5D773827DD99}.Debug|Any CPU.Build.0 = Debug|Any CPU
		{30D0595E-9068-4AD0-A0C3-5D773827DD99}.Release|Any CPU.ActiveCfg = Release|Any CPU
		{30D0595E-9068-4AD0-A0C3-5D773827DD99}.Release|Any CPU.Build.0 = Release|Any CPU
		{5C3CFAF9-4E04-4547-A2AA-E5B2AF9A9CD1}.Debug|Any CPU.ActiveCfg = Debug|Any CPU
		{5C3CFAF9-4E04-4547-A2AA-E5B2AF9A9CD1}.Debug|Any CPU.Build.0 = Debug|Any CPU
		{5C3CFAF9-4E04-4547-A2AA-E5B2AF9A9CD1}.Release|Any CPU.ActiveCfg = Release|Any CPU
		{5C3CFAF9-4E04-4547-A2AA-E5B2AF9A9CD1}.Release|Any CPU.Build.0 = Release|Any CPU
	EndGlobalSection
	GlobalSection(SolutionProperties) = preSolution
		HideSolutionNode = FALSE
	EndGlobalSection
EndGlobal
